
Microsoft Visual Studio Solution File, Format Version 12.00
# Visual Studio 15
VisualStudioVersion = 15.0.28307.489
MinimumVisualStudioVersion = 10.0.40219.1
Project("{FAE04EC0-301F-11D3-BF4B-00C04F79EFBC}") = "Lab3", "Lab3\Lab3.csproj", "{1A71F5AD-C430-4CCF-95E5-46387CA322EF}"
EndProject
Project("{FAE04EC0-301F-11D3-BF4B-00C04F79EFBC}") = "DStructures", "DStructures\DStructures.csproj", "{74815523-3F85-4398-8613-946E37DE128F}"
EndProject
Global
	GlobalSection(SolutionConfigurationPlatforms) = preSolution
		Debug|Any CPU = Debug|Any CPU
		Release|Any CPU = Release|Any CPU
	EndGlobalSection
	GlobalSection(ProjectConfigurationPlatforms) = postSolution
		{1A71F5AD-C430-4CCF-95E5-46387CA322EF}.Debug|Any CPU.ActiveCfg = Debug|Any CPU
		{1A71F5AD-C430-4CCF-95E5-46387CA322EF}.Debug|Any CPU.Build.0 = Debug|Any CPU
		{1A71F5AD-C430-4CCF-95E5-46387CA322EF}.Release|Any CPU.ActiveCfg = Release|Any CPU
		{1A71F5AD-C430-4CCF-95E5-46387CA322EF}.Release|Any CPU.Build.0 = Release|Any CPU
		{74815523-3F85-4398-8613-946E37DE128F}.Debug|Any CPU.ActiveCfg = Debug|Any CPU
		{74815523-3F85-4398-8613-946E37DE128F}.Debug|Any CPU.Build.0 = Debug|Any CPU
		{74815523-3F85-4398-8613-946E37DE128F}.Release|Any CPU.ActiveCfg = Release|Any CPU
		{74815523-3F85-4398-8613-946E37DE128F}.Release|Any CPU.Build.0 = Release|Any CPU
	EndGlobalSection
	GlobalSection(SolutionProperties) = preSolution
		HideSolutionNode = FALSE
	EndGlobalSection
	GlobalSection(ExtensibilityGlobals) = postSolution
		SolutionGuid = {2AEC550C-1C84-4F40-B784-4BD86B44C58C}
	EndGlobalSection
EndGlobal
